// !$*UTF8*$!
{
	archiveVersion = 1;
	classes = {
	};
	objectVersion = 46;
	objects = {

/* Begin PBXBuildFile section */
		BB5484BE1F41AFD30041356C /* AppDelegate.swift in Sources */ = {isa = PBXBuildFile; fileRef = BB5484BD1F41AFD30041356C /* AppDelegate.swift */; };
		BB5484C01F41AFD30041356C /* ViewController.swift in Sources */ = {isa = PBXBuildFile; fileRef = BB5484BF1F41AFD30041356C /* ViewController.swift */; };
		BB5484C31F41AFD30041356C /* Main.storyboard in Resources */ = {isa = PBXBuildFile; fileRef = BB5484C11F41AFD30041356C /* Main.storyboard */; };
		BB5484C51F41AFD30041356C /* Assets.xcassets in Resources */ = {isa = PBXBuildFile; fileRef = BB5484C41F41AFD30041356C /* Assets.xcassets */; };
		BB5484C81F41AFD30041356C /* LaunchScreen.storyboard in Resources */ = {isa = PBXBuildFile; fileRef = BB5484C61F41AFD30041356C /* LaunchScreen.storyboard */; };
		BB5484D01F41B8370041356C /* TableViewCell.swift in Sources */ = {isa = PBXBuildFile; fileRef = BB5484CF1F41B8370041356C /* TableViewCell.swift */; };
		BB5484D21F41BDFF0041356C /* View.swift in Sources */ = {isa = PBXBuildFile; fileRef = BB5484D11F41BDFF0041356C /* View.swift */; };
		BB7C572D1F45B86100D582D0 /* SecondViewController.swift in Sources */ = {isa = PBXBuildFile; fileRef = BB7C572C1F45B86100D582D0 /* SecondViewController.swift */; };
/* End PBXBuildFile section */

/* Begin PBXFileReference section */
		BB5484BA1F41AFD30041356C /* Final Screens.app */ = {isa = PBXFileReference; explicitFileType = wrapper.application; includeInIndex = 0; path = "Final Screens.app"; sourceTree = BUILT_PRODUCTS_DIR; };
		BB5484BD1F41AFD30041356C /* AppDelegate.swift */ = {isa = PBXFileReference; lastKnownFileType = sourcecode.swift; path = AppDelegate.swift; sourceTree = "<group>"; };
		BB5484BF1F41AFD30041356C /* ViewController.swift */ = {isa = PBXFileReference; lastKnownFileType = sourcecode.swift; path = ViewController.swift; sourceTree = "<group>"; };
		BB5484C21F41AFD30041356C /* Base */ = {isa = PBXFileReference; lastKnownFileType = file.storyboard; name = Base; path = Base.lproj/Main.storyboard; sourceTree = "<group>"; };
		BB5484C41F41AFD30041356C /* Assets.xcassets */ = {isa = PBXFileReference; lastKnownFileType = folder.assetcatalog; path = Assets.xcassets; sourceTree = "<group>"; };
		BB5484C71F41AFD30041356C /* Base */ = {isa = PBXFileReference; lastKnownFileType = file.storyboard; name = Base; path = Base.lproj/LaunchScreen.storyboard; sourceTree = "<group>"; };
		BB5484C91F41AFD30041356C /* Info.plist */ = {isa = PBXFileReference; lastKnownFileType = text.plist.xml; path = Info.plist; sourceTree = "<group>"; };
		BB5484CF1F41B8370041356C /* TableViewCell.swift */ = {isa = PBXFileReference; fileEncoding = 4; lastKnownFileType = sourcecode.swift; path = TableViewCell.swift; sourceTree = "<group>"; };
		BB5484D11F41BDFF0041356C /* View.swift */ = {isa = PBXFileReference; fileEncoding = 4; lastKnownFileType = sourcecode.swift; path = View.swift; sourceTree = "<group>"; };
		BB7C572C1F45B86100D582D0 /* SecondViewController.swift */ = {isa = PBXFileReference; fileEncoding = 4; lastKnownFileType = sourcecode.swift; path = SecondViewController.swift; sourceTree = "<group>"; };
/* End PBXFileReference section */

/* Begin PBXFrameworksBuildPhase section */
		BB5484B71F41AFD30041356C /* Frameworks */ = {
			isa = PBXFrameworksBuildPhase;
			buildActionMask = 2147483647;
			files = (
			);
			runOnlyForDeploymentPostprocessing = 0;
		};
/* End PBXFrameworksBuildPhase section */

/* Begin PBXGroup section */
		BB5484B11F41AFD30041356C = {
			isa = PBXGroup;
			children = (
				BB5484BC1F41AFD30041356C /* Final Screens */,
				BB5484BB1F41AFD30041356C /* Products */,
			);
			sourceTree = "<group>";
		};
		BB5484BB1F41AFD30041356C /* Products */ = {
			isa = PBXGroup;
			children = (
				BB5484BA1F41AFD30041356C /* Final Screens.app */,
			);
			name = Products;
			sourceTree = "<group>";
		};
		BB5484BC1F41AFD30041356C /* Final Screens */ = {
			isa = PBXGroup;
			children = (
				BB5484BD1F41AFD30041356C /* AppDelegate.swift */,
				BB5484C11F41AFD30041356C /* Main.storyboard */,
				BB5484BF1F41AFD30041356C /* ViewController.swift */,
				BB7C572C1F45B86100D582D0 /* SecondViewController.swift */,
				BB5484CF1F41B8370041356C /* TableViewCell.swift */,
				BB5484D11F41BDFF0041356C /* View.swift */,
				BB5484C41F41AFD30041356C /* Assets.xcassets */,
				BB5484C61F41AFD30041356C /* LaunchScreen.storyboard */,
				BB5484C91F41AFD30041356C /* Info.plist */,
			);
			path = "Final Screens";
			sourceTree = "<group>";
		};
/* End PBXGroup section */

/* Begin PBXNativeTarget section */
		BB5484B91F41AFD30041356C /* Final Screens */ = {
			isa = PBXNativeTarget;
			buildConfigurationList = BB5484CC1F41AFD30041356C /* Build configuration list for PBXNativeTarget "Final Screens" */;
			buildPhases = (
				BB5484B61F41AFD30041356C /* Sources */,
				BB5484B71F41AFD30041356C /* Frameworks */,
				BB5484B81F41AFD30041356C /* Resources */,
			);
			buildRules = (
			);
			dependencies = (
			);
			name = "Final Screens";
			productName = "Final Screens";
			productReference = BB5484BA1F41AFD30041356C /* Final Screens.app */;
			productType = "com.apple.product-type.application";
		};
/* End PBXNativeTarget section */

/* Begin PBXProject section */
		BB5484B21F41AFD30041356C /* Project object */ = {
			isa = PBXProject;
			attributes = {
				LastSwiftUpdateCheck = 0830;
				LastUpgradeCheck = 0830;
				ORGANIZATIONNAME = Gaurish;
				TargetAttributes = {
					BB5484B91F41AFD30041356C = {
						CreatedOnToolsVersion = 8.3.3;
						DevelopmentTeam = 4XT87GFF3H;
						ProvisioningStyle = Automatic;
					};
				};
			};
			buildConfigurationList = BB5484B51F41AFD30041356C /* Build configuration list for PBXProject "Final Screens" */;
			compatibilityVersion = "Xcode 3.2";
			developmentRegion = English;
			hasScannedForEncodings = 0;
			knownRegions = (
				en,
				Base,
			);
			mainGroup = BB5484B11F41AFD30041356C;
			productRefGroup = BB5484BB1F41AFD30041356C /* Products */;
			projectDirPath = "";
			projectRoot = "";
			targets = (
				BB5484B91F41AFD30041356C /* Final Screens */,
			);
		};
/* End PBXProject section */

/* Begin PBXResourcesBuildPhase section */
		BB5484B81F41AFD30041356C /* Resources */ = {
			isa = PBXResourcesBuildPhase;
			buildActionMask = 2147483647;
			files = (
				BB5484C81F41AFD30041356C /* LaunchScreen.storyboard in Resources */,
				BB5484C51F41AFD30041356C /* Assets.xcassets in Resources */,
				BB5484C31F41AFD30041356C /* Main.storyboard in Resources */,
			);
			runOnlyForDeploymentPostprocessing = 0;
		};
/* End PBXResourcesBuildPhase section */

/* Begin PBXSourcesBuildPhase section */
		BB5484B61F41AFD30041356C /* Sources */ = {
			isa = PBXSourcesBuildPhase;
			buildActionMask = 2147483647;
			files = (
				BB5484D21F41BDFF0041356C /* View.swift in Sources */,
				BB5484D01F41B8370041356C /* TableViewCell.swift in Sources */,
				BB5484C01F41AFD30041356C /* ViewController.swift in Sources */,
				BB7C572D1F45B86100D582D0 /* SecondViewController.swift in Sources */,
				BB5484BE1F41AFD30041356C /* AppDelegate.swift in Sources */,
			);
			runOnlyForDeploymentPostprocessing = 0;
		};
/* End PBXSourcesBuildPhase section */

/* Begin PBXVariantGroup section */
		BB5484C11F41AFD30041356C /* Main.storyboard */ = {
			isa = PBXVariantGroup;
			children = (
				BB5484C21F41AFD30041356C /* Base */,
			);
			name = Main.storyboard;
			sourceTree = "<group>";
		};
		BB5484C61F41AFD30041356C /* LaunchScreen.storyboard */ = {
			isa = PBXVariantGroup;
			children = (
				BB5484C71F41AFD30041356C /* Base */,
			);
			name = LaunchScreen.storyboard;
			sourceTree = "<group>";
		};
/* End PBXVariantGroup section */

/* Begin XCBuildConfiguration section */
		BB5484CA1F41AFD30041356C /* Debug */ = {
			isa = XCBuildConfiguration;
			buildSettings = {
				ALWAYS_SEARCH_USER_PATHS = NO;
				CLANG_ANALYZER_NONNULL = YES;
				CLANG_ANALYZER_NUMBER_OBJECT_CONVERSION = YES_AGGRESSIVE;
				CLANG_CXX_LANGUAGE_STANDARD = "gnu++0x";
				CLANG_CXX_LIBRARY = "libc++";
				CLANG_ENABLE_MODULES = YES;
				CLANG_ENABLE_OBJC_ARC = YES;
				CLANG_WARN_BOOL_CONVERSION = YES;
				CLANG_WARN_CONSTANT_CONVERSION = YES;
				CLANG_WARN_DIRECT_OBJC_ISA_USAGE = YES_ERROR;
				CLANG_WARN_DOCUMENTATION_COMMENTS = YES;
				CLANG_WARN_EMPTY_BODY = YES;
				CLANG_WARN_ENUM_CONVERSION = YES;
				CLANG_WARN_INFINITE_RECURSION = YES;
				CLANG_WARN_INT_CONVERSION = YES;
				CLANG_WARN_OBJC_ROOT_CLASS = YES_ERROR;
				CLANG_WARN_SUSPICIOUS_MOVE = YES;
				CLANG_WARN_UNREACHABLE_CODE = YES;
				CLANG_WARN__DUPLICATE_METHOD_MATCH = YES;
				"CODE_SIGN_IDENTITY[sdk=iphoneos*]" = "iPhone Developer";
				COPY_PHASE_STRIP = NO;
				DEBUG_INFORMATION_FORMAT = dwarf;
				ENABLE_STRICT_OBJC_MSGSEND = YES;
				ENABLE_TESTABILITY = YES;
				GCC_C_LANGUAGE_STANDARD = gnu99;
				GCC_DYNAMIC_NO_PIC = NO;
				GCC_NO_COMMON_BLOCKS = YES;
				GCC_OPTIMIZATION_LEVEL = 0;
				GCC_PREPROCESSOR_DEFINITIONS = (
					"DEBUG=1",
					"$(inherited)",
				);
				GCC_WARN_64_TO_32_BIT_CONVERSION = YES;
				GCC_WARN_ABOUT_RETURN_TYPE = YES_ERROR;
				GCC_WARN_UNDECLARED_SELECTOR = YES;
				GCC_WARN_UNINITIALIZED_AUTOS = YES_AGGRESSIVE;
				GCC_WARN_UNUSED_FUNCTION = YES;
				GCC_WARN_UNUSED_VARIABLE = YES;
				IPHONEOS_DEPLOYMENT_TARGET = 10.3;
				MTL_ENABLE_DEBUG_INFO = YES;
				ONLY_ACTIVE_ARCH = YES;
				SDKROOT = iphoneos;
				SWIFT_ACTIVE_COMPILATION_CONDITIONS = DEBUG;
				SWIFT_OPTIMIZATION_LEVEL = "-Onone";
			};
			name = Debug;
		};
		BB5484CB1F41AFD30041356C /* Release */ = {
			isa = XCBuildConfiguration;
			buildSettings = {
				ALWAYS_SEARCH_USER_PATHS = NO;
				CLANG_ANALYZER_NONNULL = YES;
				CLANG_ANALYZER_NUMBER_OBJECT_CONVERSION = YES_AGGRESSIVE;
				CLANG_CXX_LANGUAGE_STANDARD = "gnu++0x";
				CLANG_CXX_LIBRARY = "libc++";
				CLANG_ENABLE_MODULES = YES;
				CLANG_ENABLE_OBJC_ARC = YES;
				CLANG_WARN_BOOL_CONVERSION = YES;
				CLANG_WARN_CONSTANT_CONVERSION = YES;
				CLANG_WARN_DIRECT_OBJC_ISA_USAGE = YES_ERROR;
				CLANG_WARN_DOCUMENTATION_COMMENTS = YES;
				CLANG_WARN_EMPTY_BODY = YES;
				CLANG_WARN_ENUM_CONVERSION = YES;
				CLANG_WARN_INFINITE_RECURSION = YES;
				CLANG_WARN_INT_CONVERSION = YES;
				CLANG_WARN_OBJC_ROOT_CLASS = YES_ERROR;
				CLANG_WARN_SUSPICIOUS_MOVE = YES;
				CLANG_WARN_UNREACHABLE_CODE = YES;
				CLANG_WARN__DUPLICATE_METHOD_MATCH = YES;
				"CODE_SIGN_IDENTITY[sdk=iphoneos*]" = "iPhone Developer";
				COPY_PHASE_STRIP = NO;
				DEBUG_INFORMATION_FORMAT = "dwarf-with-dsym";
				ENABLE_NS_ASSERTIONS = NO;
				ENABLE_STRICT_OBJC_MSGSEND = YES;
				GCC_C_LANGUAGE_STANDARD = gnu99;
				GCC_NO_COMMON_BLOCKS = YES;
				GCC_WARN_64_TO_32_BIT_CONVERSION = YES;
				GCC_WARN_ABOUT_RETURN_TYPE = YES_ERROR;
				GCC_WARN_UNDECLARED_SELECTOR = YES;
				GCC_WARN_UNINITIALIZED_AUTOS = YES_AGGRESSIVE;
				GCC_WARN_UNUSED_FUNCTION = YES;
				GCC_WARN_UNUSED_VARIABLE = YES;
				IPHONEOS_DEPLOYMENT_TARGET = 10.3;
				MTL_ENABLE_DEBUG_INFO = NO;
				SDKROOT = iphoneos;
				SWIFT_OPTIMIZATION_LEVEL = "-Owholemodule";
				VALIDATE_PRODUCT = YES;
			};
			name = Release;
		};
		BB5484CD1F41AFD30041356C /* Debug */ = {
			isa = XCBuildConfiguration;
			buildSettings = {
				ASSETCATALOG_COMPILER_APPICON_NAME = AppIcon;
				DEVELOPMENT_TEAM = 4XT87GFF3H;
				INFOPLIST_FILE = "Final Screens/Info.plist";
				LD_RUNPATH_SEARCH_PATHS = "$(inherited) @executable_path/Frameworks";
				PRODUCT_BUNDLE_IDENTIFIER = "com.gaurish.Final-Screens";
				PRODUCT_NAME = "$(TARGET_NAME)";
				SWIFT_VERSION = 3.0;
			};
			name = Debug;
		};
		BB5484CE1F41AFD30041356C /* Release */ = {
			isa = XCBuildConfiguration;
			buildSettings = {
				ASSETCATALOG_COMPILER_APPICON_NAME = AppIcon;
				DEVELOPMENT_TEAM = 4XT87GFF3H;
				INFOPLIST_FILE = "Final Screens/Info.plist";
				LD_RUNPATH_SEARCH_PATHS = "$(inherited) @executable_path/Frameworks";
				PRODUCT_BUNDLE_IDENTIFIER = "com.gaurish.Final-Screens";
				PRODUCT_NAME = "$(TARGET_NAME)";
				SWIFT_VERSION = 3.0;
			};
			name = Release;
		};
/* End XCBuildConfiguration section */

/* Begin XCConfigurationList section */
		BB5484B51F41AFD30041356C /* Build configuration list for PBXProject "Final Screens" */ = {
			isa = XCConfigurationList;
			buildConfigurations = (
				BB5484CA1F41AFD30041356C /* Debug */,
				BB5484CB1F41AFD30041356C /* Release */,
			);
			defaultConfigurationIsVisible = 0;
			defaultConfigurationName = Release;
		};
		BB5484CC1F41AFD30041356C /* Build configuration list for PBXNativeTarget "Final Screens" */ = {
			isa = XCConfigurationList;
			buildConfigurations = (
				BB5484CD1F41AFD30041356C /* Debug */,
				BB5484CE1F41AFD30041356C /* Release */,
			);
			defaultConfigurationIsVisible = 0;
			defaultConfigurationName = Release;
		};
/* End XCConfigurationList section */
	};
	rootObject = BB5484B21F41AFD30041356C /* Project object */;
}
